lockfileVersion: '9.0'

settings:
  autoInstallPeers: true
  excludeLinksFromLockfile: false

importers:

  .:
    dependencies:
      '@clack/prompts':
        specifier: 1.0.0-alpha.9
        version: 1.0.0-alpha.9
      '@davidwells/graceful-exit':
        specifier: ^0.0.2
        version: 0.0.2
      commander:
        specifier: ^14.0.2
        version: 14.0.2
      croner:
        specifier: ^9.1.0
        version: 9.1.0
      cronstrue:
        specifier: ^3.9.0
        version: 3.9.0
      plist:
        specifier: ^3.1.0
        version: 3.1.0
    devDependencies:
      uvu:
        specifier: ^0.5.6
        version: 0.5.6

packages:

  '@clack/core@1.0.0-alpha.7':
    resolution: {integrity: sha512-3vdh6Ar09D14rVxJZIm3VQJkU+ZOKKT5I5cC0cOVazy70CNyYYjiwRj9unwalhESndgxx6bGc/m6Hhs4EKF5XQ==}

  '@clack/prompts@1.0.0-alpha.9':
    resolution: {integrity: sha512-sKs0UjiHFWvry4SiRfBi5Qnj0C/6AYx8aKkFPZQSuUZXgAram25ZDmhQmP7vj1aFyLpfHWtLQjWvOvcat0TOLg==}

  '@davidwells/graceful-exit@0.0.2':
    resolution: {integrity: sha512-ZRkv7HQ6kwAO0MYyrb+uIR7qd8puxW+kFoBUGSAFuWp1S3B6dkUTlX+UuaY6YU+OnItG2O0axKgbdyWQFkMqKg==}

  '@xmldom/xmldom@0.8.11':
    resolution: {integrity: sha512-cQzWCtO6C8TQiYl1ruKNn2U6Ao4o4WBBcbL61yJl84x+j5sOWWFU9X7DpND8XZG3daDppSsigMdfAIl2upQBRw==}
    engines: {node: '>=10.0.0'}

  base64-js@1.5.1:
    resolution: {integrity: sha512-AKpaYlHn8t4SVbOHCy+b5+KKgvR4vrsD8vbvrbiQJps7fKDTkjkDry6ji0rUJjC0kzbNePLwzxq8iypo41qeWA==}

  commander@14.0.2:
    resolution: {integrity: sha512-TywoWNNRbhoD0BXs1P3ZEScW8W5iKrnbithIl0YH+uCmBd0QpPOA8yc82DS3BIE5Ma6FnBVUsJ7wVUDz4dvOWQ==}
    engines: {node: '>=20'}

  croner@9.1.0:
    resolution: {integrity: sha512-p9nwwR4qyT5W996vBZhdvBCnMhicY5ytZkR4D1Xj0wuTDEiMnjwR57Q3RXYY/s0EpX6Ay3vgIcfaR+ewGHsi+g==}
    engines: {node: '>=18.0'}

  cronstrue@3.9.0:
    resolution: {integrity: sha512-T3S35zmD0Ai2B4ko6+mEM+k9C6tipe2nB9RLiGT6QL2Wn0Vsn2cCZAC8Oeuf4CaE00GZWVdpYitbpWCNlIWqdA==}
    hasBin: true

  dequal@2.0.3:
    resolution: {integrity: sha512-0je+qPKHEMohvfRTCEo3CrPG6cAzAYgmzKyxRiYSSDkS6eGJdyVJm7WaYA5ECaAD9wLB2T4EEeymA5aFVcYXCA==}
    engines: {node: '>=6'}

  diff@5.2.0:
    resolution: {integrity: sha512-uIFDxqpRZGZ6ThOk84hEfqWoHx2devRFvpTZcTHur85vImfaxUbTW9Ryh4CpCuDnToOP1CEtXKIgytHBPVff5A==}
    engines: {node: '>=0.3.1'}

  kleur@4.1.5:
    resolution: {integrity: sha512-o+NO+8WrRiQEE4/7nwRJhN1HWpVmJm511pBHUxPLtp0BUISzlBplORYSmTclCnJvQq2tKu/sgl3xVpkc7ZWuQQ==}
    engines: {node: '>=6'}

  mri@1.2.0:
    resolution: {integrity: sha512-tzzskb3bG8LvYGFF/mDTpq3jpI6Q9wc3LEmBaghu+DdCssd1FakN7Bc0hVNmEyGq1bq3RgfkCb3cmQLpNPOroA==}
    engines: {node: '>=4'}

  picocolors@1.1.1:
    resolution: {integrity: sha512-xceH2snhtb5M9liqDsmEw56le376mTZkEX/jEb/RxNFyegNul7eNslCXP9FDj/Lcu0X8KEyMceP2ntpaHrDEVA==}

  plist@3.1.0:
    resolution: {integrity: sha512-uysumyrvkUX0rX/dEVqt8gC3sTBzd4zoWfLeS29nb53imdaXVvLINYXTI2GNqzaMuvacNx4uJQ8+b3zXR0pkgQ==}
    engines: {node: '>=10.4.0'}

  sade@1.8.1:
    resolution: {integrity: sha512-xal3CZX1Xlo/k4ApwCFrHVACi9fBqJ7V+mwhBsuf/1IOKbBy098Fex+Wa/5QMubw09pSZ/u8EY8PWgevJsXp1A==}
    engines: {node: '>=6'}

  sisteransi@1.0.5:
    resolution: {integrity: sha512-bLGGlR1QxBcynn2d5YmDX4MGjlZvy2MRBDRNHLJ8VI6l6+9FUiyTFNJ0IveOSP0bcXgVDPRcfGqA0pjaqUpfVg==}

  uvu@0.5.6:
    resolution: {integrity: sha512-+g8ENReyr8YsOc6fv/NVJs2vFdHBnBNdfE49rshrTzDWOlUx4Gq7KOS2GD8eqhy2j+Ejq29+SbKH8yjkAqXqoA==}
    engines: {node: '>=8'}
    hasBin: true

  xmlbuilder@15.1.1:
    resolution: {integrity: sha512-yMqGBqtXyeN1e3TGYvgNgDVZ3j84W4cwkOXQswghol6APgZWaff9lnbvN7MHYJOiXsvGPXtjTYJEiC9J2wv9Eg==}
    engines: {node: '>=8.0'}

snapshots:

  '@clack/core@1.0.0-alpha.7':
    dependencies:
      picocolors: 1.1.1
      sisteransi: 1.0.5

  '@clack/prompts@1.0.0-alpha.9':
    dependencies:
      '@clack/core': 1.0.0-alpha.7
      picocolors: 1.1.1
      sisteransi: 1.0.5

  '@davidwells/graceful-exit@0.0.2': {}

  '@xmldom/xmldom@0.8.11': {}

  base64-js@1.5.1: {}

  commander@14.0.2: {}

  croner@9.1.0: {}

  cronstrue@3.9.0: {}

  dequal@2.0.3: {}

  diff@5.2.0: {}

  kleur@4.1.5: {}

  mri@1.2.0: {}

  picocolors@1.1.1: {}

  plist@3.1.0:
    dependencies:
      '@xmldom/xmldom': 0.8.11
      base64-js: 1.5.1
      xmlbuilder: 15.1.1

  sade@1.8.1:
    dependencies:
      mri: 1.2.0

  sisteransi@1.0.5: {}

  uvu@0.5.6:
    dependencies:
      dequal: 2.0.3
      diff: 5.2.0
      kleur: 4.1.5
      sade: 1.8.1

  xmlbuilder@15.1.1: {}
